
Microsoft Visual Studio Solution File, Format Version 9.00
# Visual C++ Express 2005
Project("{8BC9CEB8-8B4A-11D0-8D11-00A0C91BC942}") = "backtracexx", "backtracexx\backtracexx.vcproj", "{D58D1D6B-B8DB-43F7-836D-BF37AB591841}"
EndProject
Project("{8BC9CEB8-8B4A-11D0-8D11-00A0C91BC942}") = "example", "example\example.vcproj", "{A0C7A39E-B6D4-4E80-ACB3-E65809D582F2}"
	ProjectSection(ProjectDependencies) = postProject
		{D58D1D6B-B8DB-43F7-836D-BF37AB591841} = {D58D1D6B-B8DB-43F7-836D-BF37AB591841}
	EndProjectSection
EndProject
Global
	GlobalSection(SolutionConfigurationPlatforms) = preSolution
		Debug|Win32 = Debug|Win32
		Release|Win32 = Release|Win32
	EndGlobalSection
	GlobalSection(ProjectConfigurationPlatforms) = postSolution
		{D58D1D6B-B8DB-43F7-836D-BF37AB591841}.Debug|Win32.ActiveCfg = Debug|Win32
		{D58D1D6B-B8DB-43F7-836D-BF37AB591841}.Debug|Win32.Build.0 = Debug|Win32
		{D58D1D6B-B8DB-43F7-836D-BF37AB591841}.Release|Win32.ActiveCfg = Release|Win32
		{D58D1D6B-B8DB-43F7-836D-BF37AB591841}.Release|Win32.Build.0 = Release|Win32
		{A0C7A39E-B6D4-4E80-ACB3-E65809D582F2}.Debug|Win32.ActiveCfg = Debug|Win32
		{A0C7A39E-B6D4-4E80-ACB3-E65809D582F2}.Debug|Win32.Build.0 = Debug|Win32
		{A0C7A39E-B6D4-4E80-ACB3-E65809D582F2}.Release|Win32.ActiveCfg = Release|Win32
		{A0C7A39E-B6D4-4E80-ACB3-E65809D582F2}.Release|Win32.Build.0 = Release|Win32
	EndGlobalSection
	GlobalSection(SolutionProperties) = preSolution
		HideSolutionNode = FALSE
	EndGlobalSection
EndGlobal
